// !$*UTF8*$!
{
	archiveVersion = 1;
	classes = {
	};
	objectVersion = 46;
	objects = {

/* Begin PBXBuildFile section */
		6C7CE7E71CC8C8EC00C4CBA7 /* main.m in Sources */ = {isa = PBXBuildFile; fileRef = 6C7CE7E61CC8C8EC00C4CBA7 /* main.m */; };
		6C7CE7EA1CC8C8EC00C4CBA7 /* AppDelegate.m in Sources */ = {isa = PBXBuildFile; fileRef = 6C7CE7E91CC8C8EC00C4CBA7 /* AppDelegate.m */; };
		6C7CE7ED1CC8C8EC00C4CBA7 /* ViewController.m in Sources */ = {isa = PBXBuildFile; fileRef = 6C7CE7EC1CC8C8EC00C4CBA7 /* ViewController.m */; };
		6C7CE7F01CC8C8EC00C4CBA7 /* Main.storyboard in Resources */ = {isa = PBXBuildFile; fileRef = 6C7CE7EE1CC8C8EC00C4CBA7 /* Main.storyboard */; };
		6C7CE7F21CC8C8EC00C4CBA7 /* Assets.xcassets in Resources */ = {isa = PBXBuildFile; fileRef = 6C7CE7F11CC8C8EC00C4CBA7 /* Assets.xcassets */; };
		6C7CE7F51CC8C8EC00C4CBA7 /* LaunchScreen.storyboard in Resources */ = {isa = PBXBuildFile; fileRef = 6C7CE7F31CC8C8EC00C4CBA7 /* LaunchScreen.storyboard */; };
		B84FCBE421E5FA6D00B64051 /* ContactsUI.framework in Frameworks */ = {isa = PBXBuildFile; fileRef = B84FCBE321E5FA6D00B64051 /* ContactsUI.framework */; };
		B84FCBFF21E61E5300B64051 /* RXAddressiOS9.m in Sources */ = {isa = PBXBuildFile; fileRef = B84FCBF821E61E5300B64051 /* RXAddressiOS9.m */; };
		B84FCC0021E61E5300B64051 /* RXAddressiOS10.m in Sources */ = {isa = PBXBuildFile; fileRef = B84FCBF921E61E5300B64051 /* RXAddressiOS10.m */; };
		B8ADE79B21C24EDF003F5ADB /* RXAddressBook.m in Sources */ = {isa = PBXBuildFile; fileRef = B8ADE79621C24EDF003F5ADB /* RXAddressBook.m */; };
		B8ADE7A321C27490003F5ADB /* AddressBookUI.framework in Frameworks */ = {isa = PBXBuildFile; fileRef = B8ADE7A121C27490003F5ADB /* AddressBookUI.framework */; settings = {ATTRIBUTES = (Weak, ); }; };
/* End PBXBuildFile section */

/* Begin PBXFileReference section */
		6C7CE7E21CC8C8EC00C4CBA7 /* RXGetAddressBook.app */ = {isa = PBXFileReference; explicitFileType = wrapper.application; includeInIndex = 0; path = RXGetAddressBook.app; sourceTree = BUILT_PRODUCTS_DIR; };
		6C7CE7E61CC8C8EC00C4CBA7 /* main.m */ = {isa = PBXFileReference; lastKnownFileType = sourcecode.c.objc; path = main.m; sourceTree = "<group>"; };
		6C7CE7E81CC8C8EC00C4CBA7 /* AppDelegate.h */ = {isa = PBXFileReference; lastKnownFileType = sourcecode.c.h; path = AppDelegate.h; sourceTree = "<group>"; };
		6C7CE7E91CC8C8EC00C4CBA7 /* AppDelegate.m */ = {isa = PBXFileReference; lastKnownFileType = sourcecode.c.objc; path = AppDelegate.m; sourceTree = "<group>"; };
		6C7CE7EB1CC8C8EC00C4CBA7 /* ViewController.h */ = {isa = PBXFileReference; lastKnownFileType = sourcecode.c.h; path = ViewController.h; sourceTree = "<group>"; };
		6C7CE7EC1CC8C8EC00C4CBA7 /* ViewController.m */ = {isa = PBXFileReference; lastKnownFileType = sourcecode.c.objc; path = ViewController.m; sourceTree = "<group>"; };
		6C7CE7EF1CC8C8EC00C4CBA7 /* Base */ = {isa = PBXFileReference; lastKnownFileType = file.storyboard; name = Base; path = Base.lproj/Main.storyboard; sourceTree = "<group>"; };
		6C7CE7F11CC8C8EC00C4CBA7 /* Assets.xcassets */ = {isa = PBXFileReference; lastKnownFileType = folder.assetcatalog; path = Assets.xcassets; sourceTree = "<group>"; };
		6C7CE7F41CC8C8EC00C4CBA7 /* Base */ = {isa = PBXFileReference; lastKnownFileType = file.storyboard; name = Base; path = Base.lproj/LaunchScreen.storyboard; sourceTree = "<group>"; };
		6C7CE7F61CC8C8EC00C4CBA7 /* Info.plist */ = {isa = PBXFileReference; lastKnownFileType = text.plist.xml; path = Info.plist; sourceTree = "<group>"; };
		B84FCBE321E5FA6D00B64051 /* ContactsUI.framework */ = {isa = PBXFileReference; lastKnownFileType = wrapper.framework; name = ContactsUI.framework; path = System/Library/Frameworks/ContactsUI.framework; sourceTree = SDKROOT; };
		B84FCBF621E61E5300B64051 /* RXAdrObj.h */ = {isa = PBXFileReference; fileEncoding = 4; lastKnownFileType = sourcecode.c.h; path = RXAdrObj.h; sourceTree = "<group>"; };
		B84FCBF721E61E5300B64051 /* RXAddressiOS10.h */ = {isa = PBXFileReference; fileEncoding = 4; lastKnownFileType = sourcecode.c.h; path = RXAddressiOS10.h; sourceTree = "<group>"; };
		B84FCBF821E61E5300B64051 /* RXAddressiOS9.m */ = {isa = PBXFileReference; fileEncoding = 4; lastKnownFileType = sourcecode.c.objc; path = RXAddressiOS9.m; sourceTree = "<group>"; };
		B84FCBF921E61E5300B64051 /* RXAddressiOS10.m */ = {isa = PBXFileReference; fileEncoding = 4; lastKnownFileType = sourcecode.c.objc; path = RXAddressiOS10.m; sourceTree = "<group>"; };
		B84FCBFA21E61E5300B64051 /* RXAddressiOS9.h */ = {isa = PBXFileReference; fileEncoding = 4; lastKnownFileType = sourcecode.c.h; path = RXAddressiOS9.h; sourceTree = "<group>"; };
		B8ADE79221C24EDF003F5ADB /* RXAddressBook.h */ = {isa = PBXFileReference; fileEncoding = 4; lastKnownFileType = sourcecode.c.h; path = RXAddressBook.h; sourceTree = "<group>"; };
		B8ADE79621C24EDF003F5ADB /* RXAddressBook.m */ = {isa = PBXFileReference; fileEncoding = 4; lastKnownFileType = sourcecode.c.objc; path = RXAddressBook.m; sourceTree = "<group>"; };
		B8ADE79721C24EDF003F5ADB /* RXAddressBookDelegate.h */ = {isa = PBXFileReference; fileEncoding = 4; lastKnownFileType = sourcecode.c.h; path = RXAddressBookDelegate.h; sourceTree = "<group>"; };
		B8ADE7A121C27490003F5ADB /* AddressBookUI.framework */ = {isa = PBXFileReference; lastKnownFileType = wrapper.framework; name = AddressBookUI.framework; path = System/Library/Frameworks/AddressBookUI.framework; sourceTree = SDKROOT; };
		B8ADE7A221C27490003F5ADB /* AddressBook.framework */ = {isa = PBXFileReference; lastKnownFileType = wrapper.framework; name = AddressBook.framework; path = System/Library/Frameworks/AddressBook.framework; sourceTree = SDKROOT; };
/* End PBXFileReference section */

/* Begin PBXFrameworksBuildPhase section */
		6C7CE7DF1CC8C8EC00C4CBA7 /* Frameworks */ = {
			isa = PBXFrameworksBuildPhase;
			buildActionMask = 2147483647;
			files = (
				B8ADE7A321C27490003F5ADB /* AddressBookUI.framework in Frameworks */,
				B84FCBE421E5FA6D00B64051 /* ContactsUI.framework in Frameworks */,
			);
			runOnlyForDeploymentPostprocessing = 0;
		};
/* End PBXFrameworksBuildPhase section */

/* Begin PBXGroup section */
		6C7CE7D91CC8C8EB00C4CBA7 = {
			isa = PBXGroup;
			children = (
				B8ADE79D21C27460003F5ADB /* Frameworks */,
				B8ADE79121C24EDF003F5ADB /* RXAddressBook */,
				6C7CE7E41CC8C8EC00C4CBA7 /* RXGetAddressBook */,
				6C7CE7E31CC8C8EC00C4CBA7 /* Products */,
			);
			sourceTree = "<group>";
		};
		6C7CE7E31CC8C8EC00C4CBA7 /* Products */ = {
			isa = PBXGroup;
			children = (
				6C7CE7E21CC8C8EC00C4CBA7 /* RXGetAddressBook.app */,
			);
			name = Products;
			sourceTree = "<group>";
		};
		6C7CE7E41CC8C8EC00C4CBA7 /* RXGetAddressBook */ = {
			isa = PBXGroup;
			children = (
				6C7CE7E81CC8C8EC00C4CBA7 /* AppDelegate.h */,
				6C7CE7E91CC8C8EC00C4CBA7 /* AppDelegate.m */,
				6C7CE7EB1CC8C8EC00C4CBA7 /* ViewController.h */,
				6C7CE7EC1CC8C8EC00C4CBA7 /* ViewController.m */,
				6C7CE7EE1CC8C8EC00C4CBA7 /* Main.storyboard */,
				6C7CE7F11CC8C8EC00C4CBA7 /* Assets.xcassets */,
				6C7CE7F31CC8C8EC00C4CBA7 /* LaunchScreen.storyboard */,
				6C7CE7F61CC8C8EC00C4CBA7 /* Info.plist */,
				6C7CE7E51CC8C8EC00C4CBA7 /* Supporting Files */,
			);
			path = RXGetAddressBook;
			sourceTree = "<group>";
		};
		6C7CE7E51CC8C8EC00C4CBA7 /* Supporting Files */ = {
			isa = PBXGroup;
			children = (
				6C7CE7E61CC8C8EC00C4CBA7 /* main.m */,
			);
			name = "Supporting Files";
			sourceTree = "<group>";
		};
		B84FCBF521E61E5300B64051 /* address */ = {
			isa = PBXGroup;
			children = (
				B84FCBF621E61E5300B64051 /* RXAdrObj.h */,
				B84FCBFA21E61E5300B64051 /* RXAddressiOS9.h */,
				B84FCBF821E61E5300B64051 /* RXAddressiOS9.m */,
				B84FCBF721E61E5300B64051 /* RXAddressiOS10.h */,
				B84FCBF921E61E5300B64051 /* RXAddressiOS10.m */,
			);
			path = address;
			sourceTree = "<group>";
		};
		B8ADE79121C24EDF003F5ADB /* RXAddressBook */ = {
			isa = PBXGroup;
			children = (
				B8ADE79221C24EDF003F5ADB /* RXAddressBook.h */,
				B8ADE79621C24EDF003F5ADB /* RXAddressBook.m */,
				B8ADE79721C24EDF003F5ADB /* RXAddressBookDelegate.h */,
				B84FCBF521E61E5300B64051 /* address */,
			);
			path = RXAddressBook;
			sourceTree = "<group>";
		};
		B8ADE79D21C27460003F5ADB /* Frameworks */ = {
			isa = PBXGroup;
			children = (
				B84FCBE321E5FA6D00B64051 /* ContactsUI.framework */,
				B8ADE7A221C27490003F5ADB /* AddressBook.framework */,
				B8ADE7A121C27490003F5ADB /* AddressBookUI.framework */,
			);
			path = Frameworks;
			sourceTree = "<group>";
		};
/* End PBXGroup section */

/* Begin PBXNativeTarget section */
		6C7CE7E11CC8C8EC00C4CBA7 /* RXGetAddressBook */ = {
			isa = PBXNativeTarget;
			buildConfigurationList = 6C7CE7F91CC8C8EC00C4CBA7 /* Build configuration list for PBXNativeTarget "RXGetAddressBook" */;
			buildPhases = (
				6C7CE7DE1CC8C8EC00C4CBA7 /* Sources */,
				6C7CE7DF1CC8C8EC00C4CBA7 /* Frameworks */,
				6C7CE7E01CC8C8EC00C4CBA7 /* Resources */,
			);
			buildRules = (
			);
			dependencies = (
			);
			name = RXGetAddressBook;
			productName = RXGetAddressBook;
			productReference = 6C7CE7E21CC8C8EC00C4CBA7 /* RXGetAddressBook.app */;
			productType = "com.apple.product-type.application";
		};
/* End PBXNativeTarget section */

/* Begin PBXProject section */
		6C7CE7DA1CC8C8EC00C4CBA7 /* Project object */ = {
			isa = PBXProject;
			attributes = {
				LastUpgradeCheck = 0730;
				ORGANIZATIONNAME = srxboys;
				TargetAttributes = {
					6C7CE7E11CC8C8EC00C4CBA7 = {
						CreatedOnToolsVersion = 7.3;
						DevelopmentTeam = MLKY76PU29;
						ProvisioningStyle = Manual;
					};
				};
			};
			buildConfigurationList = 6C7CE7DD1CC8C8EC00C4CBA7 /* Build configuration list for PBXProject "RXGetAddressBook" */;
			compatibilityVersion = "Xcode 3.2";
			developmentRegion = English;
			hasScannedForEncodings = 0;
			knownRegions = (
				en,
				Base,
			);
			mainGroup = 6C7CE7D91CC8C8EB00C4CBA7;
			productRefGroup = 6C7CE7E31CC8C8EC00C4CBA7 /* Products */;
			projectDirPath = "";
			projectRoot = "";
			targets = (
				6C7CE7E11CC8C8EC00C4CBA7 /* RXGetAddressBook */,
			);
		};
/* End PBXProject section */

/* Begin PBXResourcesBuildPhase section */
		6C7CE7E01CC8C8EC00C4CBA7 /* Resources */ = {
			isa = PBXResourcesBuildPhase;
			buildActionMask = 2147483647;
			files = (
				6C7CE7F51CC8C8EC00C4CBA7 /* LaunchScreen.storyboard in Resources */,
				6C7CE7F21CC8C8EC00C4CBA7 /* Assets.xcassets in Resources */,
				6C7CE7F01CC8C8EC00C4CBA7 /* Main.storyboard in Resources */,
			);
			runOnlyForDeploymentPostprocessing = 0;
		};
/* End PBXResourcesBuildPhase section */

/* Begin PBXSourcesBuildPhase section */
		6C7CE7DE1CC8C8EC00C4CBA7 /* Sources */ = {
			isa = PBXSourcesBuildPhase;
			buildActionMask = 2147483647;
			files = (
				B84FCBFF21E61E5300B64051 /* RXAddressiOS9.m in Sources */,
				6C7CE7ED1CC8C8EC00C4CBA7 /* ViewController.m in Sources */,
				B8ADE79B21C24EDF003F5ADB /* RXAddressBook.m in Sources */,
				6C7CE7EA1CC8C8EC00C4CBA7 /* AppDelegate.m in Sources */,
				B84FCC0021E61E5300B64051 /* RXAddressiOS10.m in Sources */,
				6C7CE7E71CC8C8EC00C4CBA7 /* main.m in Sources */,
			);
			runOnlyForDeploymentPostprocessing = 0;
		};
/* End PBXSourcesBuildPhase section */

/* Begin PBXVariantGroup section */
		6C7CE7EE1CC8C8EC00C4CBA7 /* Main.storyboard */ = {
			isa = PBXVariantGroup;
			children = (
				6C7CE7EF1CC8C8EC00C4CBA7 /* Base */,
			);
			name = Main.storyboard;
			sourceTree = "<group>";
		};
		6C7CE7F31CC8C8EC00C4CBA7 /* LaunchScreen.storyboard */ = {
			isa = PBXVariantGroup;
			children = (
				6C7CE7F41CC8C8EC00C4CBA7 /* Base */,
			);
			name = LaunchScreen.storyboard;
			sourceTree = "<group>";
		};
/* End PBXVariantGroup section */

/* Begin XCBuildConfiguration section */
		6C7CE7F71CC8C8EC00C4CBA7 /* Debug */ = {
			isa = XCBuildConfiguration;
			buildSettings = {
				ALWAYS_SEARCH_USER_PATHS = NO;
				CLANG_ANALYZER_NONNULL = YES;
				CLANG_CXX_LANGUAGE_STANDARD = "gnu++0x";
				CLANG_CXX_LIBRARY = "libc++";
				CLANG_ENABLE_MODULES = YES;
				CLANG_ENABLE_OBJC_ARC = YES;
				CLANG_WARN_BOOL_CONVERSION = YES;
				CLANG_WARN_CONSTANT_CONVERSION = YES;
				CLANG_WARN_DIRECT_OBJC_ISA_USAGE = YES_ERROR;
				CLANG_WARN_EMPTY_BODY = YES;
				CLANG_WARN_ENUM_CONVERSION = YES;
				CLANG_WARN_INT_CONVERSION = YES;
				CLANG_WARN_OBJC_ROOT_CLASS = YES_ERROR;
				CLANG_WARN_UNREACHABLE_CODE = YES;
				CLANG_WARN__DUPLICATE_METHOD_MATCH = YES;
				"CODE_SIGN_IDENTITY[sdk=iphoneos*]" = "iPhone Developer";
				COPY_PHASE_STRIP = NO;
				DEBUG_INFORMATION_FORMAT = dwarf;
				ENABLE_STRICT_OBJC_MSGSEND = YES;
				ENABLE_TESTABILITY = YES;
				GCC_C_LANGUAGE_STANDARD = gnu99;
				GCC_DYNAMIC_NO_PIC = NO;
				GCC_NO_COMMON_BLOCKS = YES;
				GCC_OPTIMIZATION_LEVEL = 0;
				GCC_PREPROCESSOR_DEFINITIONS = (
					"DEBUG=1",
					"$(inherited)",
				);
				GCC_WARN_64_TO_32_BIT_CONVERSION = YES;
				GCC_WARN_ABOUT_RETURN_TYPE = YES_ERROR;
				GCC_WARN_UNDECLARED_SELECTOR = YES;
				GCC_WARN_UNINITIALIZED_AUTOS = YES_AGGRESSIVE;
				GCC_WARN_UNUSED_FUNCTION = YES;
				GCC_WARN_UNUSED_VARIABLE = YES;
				IPHONEOS_DEPLOYMENT_TARGET = 6.0;
				MTL_ENABLE_DEBUG_INFO = YES;
				ONLY_ACTIVE_ARCH = YES;
				SDKROOT = iphoneos;
				TARGETED_DEVICE_FAMILY = "1,2";
			};
			name = Debug;
		};
		6C7CE7F81CC8C8EC00C4CBA7 /* Release */ = {
			isa = XCBuildConfiguration;
			buildSettings = {
				ALWAYS_SEARCH_USER_PATHS = NO;
				CLANG_ANALYZER_NONNULL = YES;
				CLANG_CXX_LANGUAGE_STANDARD = "gnu++0x";
				CLANG_CXX_LIBRARY = "libc++";
				CLANG_ENABLE_MODULES = YES;
				CLANG_ENABLE_OBJC_ARC = YES;
				CLANG_WARN_BOOL_CONVERSION = YES;
				CLANG_WARN_CONSTANT_CONVERSION = YES;
				CLANG_WARN_DIRECT_OBJC_ISA_USAGE = YES_ERROR;
				CLANG_WARN_EMPTY_BODY = YES;
				CLANG_WARN_ENUM_CONVERSION = YES;
				CLANG_WARN_INT_CONVERSION = YES;
				CLANG_WARN_OBJC_ROOT_CLASS = YES_ERROR;
				CLANG_WARN_UNREACHABLE_CODE = YES;
				CLANG_WARN__DUPLICATE_METHOD_MATCH = YES;
				"CODE_SIGN_IDENTITY[sdk=iphoneos*]" = "iPhone Developer";
				COPY_PHASE_STRIP = NO;
				DEBUG_INFORMATION_FORMAT = "dwarf-with-dsym";
				ENABLE_NS_ASSERTIONS = NO;
				ENABLE_STRICT_OBJC_MSGSEND = YES;
				GCC_C_LANGUAGE_STANDARD = gnu99;
				GCC_NO_COMMON_BLOCKS = YES;
				GCC_WARN_64_TO_32_BIT_CONVERSION = YES;
				GCC_WARN_ABOUT_RETURN_TYPE = YES_ERROR;
				GCC_WARN_UNDECLARED_SELECTOR = YES;
				GCC_WARN_UNINITIALIZED_AUTOS = YES_AGGRESSIVE;
				GCC_WARN_UNUSED_FUNCTION = YES;
				GCC_WARN_UNUSED_VARIABLE = YES;
				IPHONEOS_DEPLOYMENT_TARGET = 6.0;
				MTL_ENABLE_DEBUG_INFO = NO;
				SDKROOT = iphoneos;
				TARGETED_DEVICE_FAMILY = "1,2";
				VALIDATE_PRODUCT = YES;
			};
			name = Release;
		};
		6C7CE7FA1CC8C8EC00C4CBA7 /* Debug */ = {
			isa = XCBuildConfiguration;
			buildSettings = {
				ASSETCATALOG_COMPILER_APPICON_NAME = AppIcon;
				CODE_SIGN_IDENTITY = "iPhone Developer";
				"CODE_SIGN_IDENTITY[sdk=iphoneos*]" = "iPhone Developer: Yaojin Dou (HK9KZR5X5Z)";
				CODE_SIGN_STYLE = Manual;
				DEVELOPMENT_TEAM = MLKY76PU29;
				INFOPLIST_FILE = RXGetAddressBook/Info.plist;
				IPHONEOS_DEPLOYMENT_TARGET = 6.0;
				LD_RUNPATH_SEARCH_PATHS = "$(inherited) @executable_path/Frameworks";
				PRODUCT_BUNDLE_IDENTIFIER = net.ghs.app.RXBOOK;
				PRODUCT_NAME = "$(TARGET_NAME)";
				PROVISIONING_PROFILE = "4c225b17-29b0-45f9-813d-b69e43b6be78";
				PROVISIONING_PROFILE_SPECIFIER = "GHS2016apps-Develop";
			};
			name = Debug;
		};
		6C7CE7FB1CC8C8EC00C4CBA7 /* Release */ = {
			isa = XCBuildConfiguration;
			buildSettings = {
				ASSETCATALOG_COMPILER_APPICON_NAME = AppIcon;
				CODE_SIGN_IDENTITY = "iPhone Developer";
				CODE_SIGN_STYLE = Manual;
				DEVELOPMENT_TEAM = "";
				INFOPLIST_FILE = RXGetAddressBook/Info.plist;
				IPHONEOS_DEPLOYMENT_TARGET = 6.0;
				LD_RUNPATH_SEARCH_PATHS = "$(inherited) @executable_path/Frameworks";
				PRODUCT_BUNDLE_IDENTIFIER = net.ghs.app.RXBOOK;
				PRODUCT_NAME = "$(TARGET_NAME)";
				PROVISIONING_PROFILE_SPECIFIER = "";
			};
			name = Release;
		};
/* End XCBuildConfiguration section */

/* Begin XCConfigurationList section */
		6C7CE7DD1CC8C8EC00C4CBA7 /* Build configuration list for PBXProject "RXGetAddressBook" */ = {
			isa = XCConfigurationList;
			buildConfigurations = (
				6C7CE7F71CC8C8EC00C4CBA7 /* Debug */,
				6C7CE7F81CC8C8EC00C4CBA7 /* Release */,
			);
			defaultConfigurationIsVisible = 0;
			defaultConfigurationName = Release;
		};
		6C7CE7F91CC8C8EC00C4CBA7 /* Build configuration list for PBXNativeTarget "RXGetAddressBook" */ = {
			isa = XCConfigurationList;
			buildConfigurations = (
				6C7CE7FA1CC8C8EC00C4CBA7 /* Debug */,
				6C7CE7FB1CC8C8EC00C4CBA7 /* Release */,
			);
			defaultConfigurationIsVisible = 0;
			defaultConfigurationName = Release;
		};
/* End XCConfigurationList section */
	};
	rootObject = 6C7CE7DA1CC8C8EC00C4CBA7 /* Project object */;
}
